{
  "name": "Avanti",
  "version": "0.1.0",
  "dependencies": {
    "after": {
      "version": "0.8.1",
      "from": "after@0.8.1",
      "resolved": "https://registry.npmjs.org/after/-/after-0.8.1.tgz"
    },
    "arraybuffer.slice": {
      "version": "0.0.6",
      "from": "arraybuffer.slice@0.0.6",
      "resolved": "https://registry.npmjs.org/arraybuffer.slice/-/arraybuffer.slice-0.0.6.tgz"
    },
    "backo2": {
      "version": "1.0.2",
      "from": "backo2@1.0.2",
      "resolved": "https://registry.npmjs.org/backo2/-/backo2-1.0.2.tgz"
    },
    "base64-arraybuffer": {
      "version": "0.1.2",
      "from": "base64-arraybuffer@0.1.2",
      "resolved": "https://registry.npmjs.org/base64-arraybuffer/-/base64-arraybuffer-0.1.2.tgz"
    },
    "benchmark": {
      "version": "1.0.0",
      "from": "benchmark@1.0.0",
      "resolved": "https://registry.npmjs.org/benchmark/-/benchmark-1.0.0.tgz"
    },
    "better-assert": {
      "version": "1.0.2",
      "from": "better-assert@>=1.0.0 <1.1.0",
      "resolved": "https://registry.npmjs.org/better-assert/-/better-assert-1.0.2.tgz"
    },
    "blob": {
      "version": "0.0.4",
      "from": "blob@0.0.4",
      "resolved": "https://registry.npmjs.org/blob/-/blob-0.0.4.tgz"
    },
    "bluebird": {
      "version": "3.3.4",
      "from": "bluebird@3.3.4",
      "resolved": "https://registry.npmjs.org/bluebird/-/bluebird-3.3.4.tgz"
    },
    "callsite": {
      "version": "1.0.0",
      "from": "callsite@1.0.0",
      "resolved": "https://registry.npmjs.org/callsite/-/callsite-1.0.0.tgz"
    },
    "component-bind": {
      "version": "1.0.0",
      "from": "component-bind@1.0.0",
      "resolved": "https://registry.npmjs.org/component-bind/-/component-bind-1.0.0.tgz"
    },
    "component-emitter": {
      "version": "1.2.0",
      "from": "component-emitter@1.2.0",
      "resolved": "https://registry.npmjs.org/component-emitter/-/component-emitter-1.2.0.tgz"
    },
    "component-inherit": {
      "version": "0.0.3",
      "from": "component-inherit@0.0.3",
      "resolved": "https://registry.npmjs.org/component-inherit/-/component-inherit-0.0.3.tgz"
    },
    "debug": {
      "version": "2.2.0",
      "from": "debug@2.2.0",
      "resolved": "https://registry.npmjs.org/debug/-/debug-2.2.0.tgz"
    },
    "engine.io-client": {
      "version": "1.6.9",
      "from": "engine.io-client@1.6.9",
      "resolved": "https://registry.npmjs.org/engine.io-client/-/engine.io-client-1.6.9.tgz",
      "dependencies": {
        "component-emitter": {
          "version": "1.1.2",
          "from": "component-emitter@1.1.2",
          "resolved": "https://registry.npmjs.org/component-emitter/-/component-emitter-1.1.2.tgz"
        }
      }
    },
    "engine.io-parser": {
      "version": "1.2.4",
      "from": "engine.io-parser@1.2.4",
      "resolved": "https://registry.npmjs.org/engine.io-parser/-/engine.io-parser-1.2.4.tgz",
      "dependencies": {
        "has-binary": {
          "version": "0.1.6",
          "from": "has-binary@0.1.6",
          "resolved": "https://registry.npmjs.org/has-binary/-/has-binary-0.1.6.tgz"
        }
      }
    },
    "handlebars": {
      "version": "4.0.5",
      "from": "handlebars@4.0.5",
      "resolved": "https://registry.npmjs.org/handlebars/-/handlebars-4.0.5.tgz",
      "dependencies": {
        "async": {
          "version": "1.5.2",
          "from": "async@1.5.2",
          "resolved": "https://registry.npmjs.org/async/-/async-1.5.2.tgz"
        },
        "optimist": {
          "version": "0.6.1",
          "from": "optimist@0.6.1",
          "resolved": "https://registry.npmjs.org/optimist/-/optimist-0.6.1.tgz",
          "dependencies": {
            "minimist": {
              "version": "0.0.10",
              "from": "minimist@0.0.10",
              "resolved": "https://registry.npmjs.org/minimist/-/minimist-0.0.10.tgz"
            },
            "wordwrap": {
              "version": "0.0.3",
              "from": "wordwrap@0.0.3",
              "resolved": "https://registry.npmjs.org/wordwrap/-/wordwrap-0.0.3.tgz"
            }
          }
        },
        "source-map": {
          "version": "0.4.4",
          "from": "source-map@0.4.4",
          "resolved": "https://registry.npmjs.org/source-map/-/source-map-0.4.4.tgz",
          "dependencies": {
            "amdefine": {
              "version": "1.0.0",
              "from": "amdefine@1.0.0",
              "resolved": "https://registry.npmjs.org/amdefine/-/amdefine-1.0.0.tgz"
            }
          }
        },
        "uglify-js": {
          "version": "2.6.2",
          "from": "uglify-js@2.6.2",
          "resolved": "https://registry.npmjs.org/uglify-js/-/uglify-js-2.6.2.tgz",
          "dependencies": {
            "async": {
              "version": "0.2.10",
              "from": "async@0.2.10",
              "resolved": "https://registry.npmjs.org/async/-/async-0.2.10.tgz"
            },
            "source-map": {
              "version": "0.5.3",
              "from": "source-map@0.5.3",
              "resolved": "https://registry.npmjs.org/source-map/-/source-map-0.5.3.tgz"
            },
            "uglify-to-browserify": {
              "version": "1.0.2",
              "from": "uglify-to-browserify@1.0.2",
              "resolved": "https://registry.npmjs.org/uglify-to-browserify/-/uglify-to-browserify-1.0.2.tgz"
            },
            "yargs": {
              "version": "3.10.0",
              "from": "yargs@3.10.0",
              "resolved": "https://registry.npmjs.org/yargs/-/yargs-3.10.0.tgz",
              "dependencies": {
                "camelcase": {
                  "version": "1.2.1",
                  "from": "camelcase@1.2.1",
                  "resolved": "https://registry.npmjs.org/camelcase/-/camelcase-1.2.1.tgz"
                },
                "cliui": {
                  "version": "2.1.0",
                  "from": "cliui@2.1.0",
                  "resolved": "https://registry.npmjs.org/cliui/-/cliui-2.1.0.tgz",
                  "dependencies": {
                    "center-align": {
                      "version": "0.1.3",
                      "from": "center-align@0.1.3",
                      "resolved": "https://registry.npmjs.org/center-align/-/center-align-0.1.3.tgz",
                      "dependencies": {
                        "align-text": {
                          "version": "0.1.4",
                          "from": "align-text@0.1.4",
                          "resolved": "https://registry.npmjs.org/align-text/-/align-text-0.1.4.tgz",
                          "dependencies": {
                            "kind-of": {
                              "version": "3.0.2",
                              "from": "kind-of@3.0.2",
                              "resolved": "https://registry.npmjs.org/kind-of/-/kind-of-3.0.2.tgz",
                              "dependencies": {
                                "is-buffer": {
                                  "version": "1.1.3",
                                  "from": "is-buffer@1.1.3",
                                  "resolved": "https://registry.npmjs.org/is-buffer/-/is-buffer-1.1.3.tgz"
                                }
                              }
                            },
                            "longest": {
                              "version": "1.0.1",
                              "from": "longest@1.0.1",
                              "resolved": "https://registry.npmjs.org/longest/-/longest-1.0.1.tgz"
                            },
                            "repeat-string": {
                              "version": "1.5.4",
                              "from": "repeat-string@1.5.4",
                              "resolved": "https://registry.npmjs.org/repeat-string/-/repeat-string-1.5.4.tgz"
                            }
                          }
                        },
                        "lazy-cache": {
                          "version": "1.0.3",
                          "from": "lazy-cache@1.0.3",
                          "resolved": "https://registry.npmjs.org/lazy-cache/-/lazy-cache-1.0.3.tgz"
                        }
                      }
                    },
                    "right-align": {
                      "version": "0.1.3",
                      "from": "right-align@0.1.3",
                      "resolved": "https://registry.npmjs.org/right-align/-/right-align-0.1.3.tgz",
                      "dependencies": {
                        "align-text": {
                          "version": "0.1.4",
                          "from": "align-text@0.1.4",
                          "resolved": "https://registry.npmjs.org/align-text/-/align-text-0.1.4.tgz",
                          "dependencies": {
                            "kind-of": {
                              "version": "3.0.2",
                              "from": "kind-of@3.0.2",
                              "resolved": "https://registry.npmjs.org/kind-of/-/kind-of-3.0.2.tgz",
                              "dependencies": {
                                "is-buffer": {
                                  "version": "1.1.3",
                                  "from": "is-buffer@1.1.3",
                                  "resolved": "https://registry.npmjs.org/is-buffer/-/is-buffer-1.1.3.tgz"
                                }
                              }
                            },
                            "longest": {
                              "version": "1.0.1",
                              "from": "longest@1.0.1",
                              "resolved": "https://registry.npmjs.org/longest/-/longest-1.0.1.tgz"
                            },
                            "repeat-string": {
                              "version": "1.5.4",
                              "from": "repeat-string@1.5.4",
                              "resolved": "https://registry.npmjs.org/repeat-string/-/repeat-string-1.5.4.tgz"
                            }
                          }
                        }
                      }
                    },
                    "wordwrap": {
                      "version": "0.0.2",
                      "from": "wordwrap@0.0.2",
                      "resolved": "https://registry.npmjs.org/wordwrap/-/wordwrap-0.0.2.tgz"
                    }
                  }
                },
                "decamelize": {
                  "version": "1.2.0",
                  "from": "decamelize@1.2.0",
                  "resolved": "https://registry.npmjs.org/decamelize/-/decamelize-1.2.0.tgz"
                },
                "window-size": {
                  "version": "0.1.0",
                  "from": "window-size@0.1.0",
                  "resolved": "https://registry.npmjs.org/window-size/-/window-size-0.1.0.tgz"
                }
              }
            }
          }
        }
      }
    },
    "has-binary": {
      "version": "0.1.7",
      "from": "has-binary@0.1.7",
      "resolved": "https://registry.npmjs.org/has-binary/-/has-binary-0.1.7.tgz"
    },
    "has-cors": {
      "version": "1.1.0",
      "from": "has-cors@1.1.0",
      "resolved": "https://registry.npmjs.org/has-cors/-/has-cors-1.1.0.tgz"
    },
    "indexof": {
      "version": "0.0.1",
      "from": "indexof@0.0.1",
      "resolved": "https://registry.npmjs.org/indexof/-/indexof-0.0.1.tgz"
    },
    "ini": {
      "version": "1.3.4",
      "from": "ini@1.3.4",
      "resolved": "https://registry.npmjs.org/ini/-/ini-1.3.4.tgz"
    },
    "isarray": {
      "version": "0.0.1",
      "from": "isarray@0.0.1",
      "resolved": "https://registry.npmjs.org/isarray/-/isarray-0.0.1.tgz"
    },
    "json3": {
      "version": "3.3.2",
      "from": "json3@3.3.2",
      "resolved": "https://registry.npmjs.org/json3/-/json3-3.3.2.tgz"
    },
    "ms": {
      "version": "0.7.1",
      "from": "ms@0.7.1",
      "resolved": "https://registry.npmjs.org/ms/-/ms-0.7.1.tgz"
    },
    "object-component": {
      "version": "0.0.3",
      "from": "object-component@0.0.3",
      "resolved": "https://registry.npmjs.org/object-component/-/object-component-0.0.3.tgz"
    },
    "options": {
      "version": "0.0.6",
      "from": "options@>=0.0.5",
      "resolved": "https://registry.npmjs.org/options/-/options-0.0.6.tgz"
    },
    "parsejson": {
      "version": "0.0.1",
      "from": "parsejson@0.0.1",
      "resolved": "https://registry.npmjs.org/parsejson/-/parsejson-0.0.1.tgz"
    },
    "parseqs": {
      "version": "0.0.2",
      "from": "parseqs@0.0.2",
      "resolved": "https://registry.npmjs.org/parseqs/-/parseqs-0.0.2.tgz"
    },
    "parseuri": {
      "version": "0.0.4",
      "from": "parseuri@0.0.4",
      "resolved": "https://registry.npmjs.org/parseuri/-/parseuri-0.0.4.tgz"
    },
    "socket.io-client": {
      "version": "1.4.6",
      "from": "socket.io-client@latest",
      "resolved": "https://registry.npmjs.org/socket.io-client/-/socket.io-client-1.4.6.tgz"
    },
    "socket.io-parser": {
      "version": "2.2.6",
      "from": "socket.io-parser@2.2.6",
      "resolved": "https://registry.npmjs.org/socket.io-parser/-/socket.io-parser-2.2.6.tgz",
      "dependencies": {
        "component-emitter": {
          "version": "1.1.2",
          "from": "component-emitter@1.1.2",
          "resolved": "https://registry.npmjs.org/component-emitter/-/component-emitter-1.1.2.tgz"
        }
      }
    },
    "tape": {
      "version": "3.6.1",
      "from": "tape@3.6.1",
      "resolved": "https://registry.npmjs.org/tape/-/tape-3.6.1.tgz",
      "dependencies": {
        "deep-equal": {
          "version": "0.2.2",
          "from": "deep-equal@~0.2.0",
          "resolved": "https://registry.npmjs.org/deep-equal/-/deep-equal-0.2.2.tgz"
        },
        "defined": {
          "version": "0.0.0",
          "from": "defined@0.0.0",
          "resolved": "https://registry.npmjs.org/defined/-/defined-0.0.0.tgz"
        },
        "glob": {
          "version": "3.2.11",
          "from": "glob@~3.2.9",
          "resolved": "https://registry.npmjs.org/glob/-/glob-3.2.11.tgz",
          "dependencies": {
            "minimatch": {
              "version": "0.3.0",
              "from": "minimatch@0.3",
              "resolved": "https://registry.npmjs.org/minimatch/-/minimatch-0.3.0.tgz",
              "dependencies": {
                "lru-cache": {
                  "version": "2.7.3",
                  "from": "lru-cache@2",
                  "resolved": "https://registry.npmjs.org/lru-cache/-/lru-cache-2.7.3.tgz"
                },
                "sigmund": {
                  "version": "1.0.1",
                  "from": "sigmund@~1.0.0",
                  "resolved": "https://registry.npmjs.org/sigmund/-/sigmund-1.0.1.tgz"
                }
              }
            }
          }
        },
        "inherits": {
          "version": "2.0.1",
          "from": "inherits@2.0.1",
          "resolved": "https://registry.npmjs.org/inherits/-/inherits-2.0.1.tgz"
        },
        "object-inspect": {
          "version": "0.4.0",
          "from": "object-inspect@0.4.0",
          "resolved": "https://registry.npmjs.org/object-inspect/-/object-inspect-0.4.0.tgz"
        },
        "resumer": {
          "version": "0.0.0",
          "from": "resumer@0.0.0",
          "resolved": "https://registry.npmjs.org/resumer/-/resumer-0.0.0.tgz"
        },
        "through": {
          "version": "2.3.8",
          "from": "through@2.3.8",
          "resolved": "https://registry.npmjs.org/through/-/through-2.3.8.tgz"
        }
      }
    },
    "to-array": {
      "version": "0.1.4",
      "from": "to-array@0.1.4",
      "resolved": "https://registry.npmjs.org/to-array/-/to-array-0.1.4.tgz"
    },
    "ultron": {
      "version": "1.0.2",
      "from": "ultron@>=1.0.0 <1.1.0",
      "resolved": "https://registry.npmjs.org/ultron/-/ultron-1.0.2.tgz"
    },
    "utf8": {
      "version": "2.1.0",
      "from": "utf8@2.1.0",
      "resolved": "https://registry.npmjs.org/utf8/-/utf8-2.1.0.tgz"
    },
    "ws": {
      "version": "1.0.1",
      "from": "ws@1.0.1",
      "resolved": "https://registry.npmjs.org/ws/-/ws-1.0.1.tgz"
    },
    "xmlhttprequest-ssl": {
      "version": "1.5.1",
      "from": "xmlhttprequest-ssl@1.5.1",
      "resolved": "https://registry.npmjs.org/xmlhttprequest-ssl/-/xmlhttprequest-ssl-1.5.1.tgz"
    },
    "yeast": {
      "version": "0.1.2",
      "from": "yeast@0.1.2",
      "resolved": "https://registry.npmjs.org/yeast/-/yeast-0.1.2.tgz"
    }
  }
}
